
Microsoft Visual Studio Solution File, Format Version 12.00
# Visual Studio Version 16
VisualStudioVersion = 16.0.31702.278
MinimumVisualStudioVersion = 10.0.40219.1
Project("{FAE04EC0-301F-11D3-BF4B-00C04F79EFBC}") = "TesteZBra.QuestaoUm.ParteUm", "TesteZBra.QuestaoUm.ParteUm\TesteZBra.QuestaoUm.ParteUm.csproj", "{BD1CE510-5179-4B9F-9364-22B567F653B4}"
EndProject
Project("{FAE04EC0-301F-11D3-BF4B-00C04F79EFBC}") = "TesteZBra.QuestaoUm.ParteDois", "TesteZBra.QuestaoUm.ParteDois\TesteZBra.QuestaoUm.ParteDois.csproj", "{2285711D-D6C1-48D7-9F95-B69743245FAD}"
EndProject
Project("{FAE04EC0-301F-11D3-BF4B-00C04F79EFBC}") = "TesteZBra.QuestaoDois.ParteUm", "TesteZBra.QuestaoDois.ParteUm\TesteZBra.QuestaoDois.ParteUm.csproj", "{32A6AB84-0DA8-452A-8689-35CF558DC25F}"
EndProject
Global
	GlobalSection(SolutionConfigurationPlatforms) = preSolution
		Debug|Any CPU = Debug|Any CPU
		Release|Any CPU = Release|Any CPU
	EndGlobalSection
	GlobalSection(ProjectConfigurationPlatforms) = postSolution
		{BD1CE510-5179-4B9F-9364-22B567F653B4}.Debug|Any CPU.ActiveCfg = Debug|Any CPU
		{BD1CE510-5179-4B9F-9364-22B567F653B4}.Debug|Any CPU.Build.0 = Debug|Any CPU
		{BD1CE510-5179-4B9F-9364-22B567F653B4}.Release|Any CPU.ActiveCfg = Release|Any CPU
		{BD1CE510-5179-4B9F-9364-22B567F653B4}.Release|Any CPU.Build.0 = Release|Any CPU
		{2285711D-D6C1-48D7-9F95-B69743245FAD}.Debug|Any CPU.ActiveCfg = Debug|Any CPU
		{2285711D-D6C1-48D7-9F95-B69743245FAD}.Debug|Any CPU.Build.0 = Debug|Any CPU
		{2285711D-D6C1-48D7-9F95-B69743245FAD}.Release|Any CPU.ActiveCfg = Release|Any CPU
		{2285711D-D6C1-48D7-9F95-B69743245FAD}.Release|Any CPU.Build.0 = Release|Any CPU
		{32A6AB84-0DA8-452A-8689-35CF558DC25F}.Debug|Any CPU.ActiveCfg = Debug|Any CPU
		{32A6AB84-0DA8-452A-8689-35CF558DC25F}.Debug|Any CPU.Build.0 = Debug|Any CPU
		{32A6AB84-0DA8-452A-8689-35CF558DC25F}.Release|Any CPU.ActiveCfg = Release|Any CPU
		{32A6AB84-0DA8-452A-8689-35CF558DC25F}.Release|Any CPU.Build.0 = Release|Any CPU
	EndGlobalSection
	GlobalSection(SolutionProperties) = preSolution
		HideSolutionNode = FALSE
	EndGlobalSection
	GlobalSection(ExtensibilityGlobals) = postSolution
		SolutionGuid = {EFC155C5-2834-4ED8-921D-B94E8D4DB7B3}
	EndGlobalSection
EndGlobal
